{
  "name": "infra",
  "version": "1.0.0",
  "lockfileVersion": 3,
  "requires": true,
  "packages": {
    "": {
      "name": "infra",
      "version": "1.0.0",
      "license": "ISC",
      "devDependencies": {
        "@aws-cdk/aws-appsync": "^1.204.0",
        "@aws-cdk/aws-cognito": "^1.204.0",
        "@aws-cdk/aws-lambda": "^1.204.0",
        "@types/node": "^24.2.1"
      }
    },
    "../../node_modules/.pnpm/@aws-cdk+aws-appsync@1.204._87432252ae5e2aa36a4cfc29a95f4ef6/node_modules/@aws-cdk/aws-appsync": {
      "version": "1.204.0",
      "deprecated": "AWS CDK v1 has reached End-of-Support on 2023-06-01.\nThis package is no longer being updated, and users should migrate to AWS CDK v2.\n\nFor more information on how to migrate, see https://docs.aws.amazon.com/cdk/v2/guide/migrating-v2.html",
      "dev": true,
      "license": "Apache-2.0",
      "dependencies": {
        "@aws-cdk/aws-certificatemanager": "1.204.0",
        "@aws-cdk/aws-cognito": "1.204.0",
        "@aws-cdk/aws-dynamodb": "1.204.0",
        "@aws-cdk/aws-ec2": "1.204.0",
        "@aws-cdk/aws-elasticsearch": "1.204.0",
        "@aws-cdk/aws-iam": "1.204.0",
        "@aws-cdk/aws-lambda": "1.204.0",
        "@aws-cdk/aws-opensearchservice": "1.204.0",
        "@aws-cdk/aws-rds": "1.204.0",
        "@aws-cdk/aws-s3-assets": "1.204.0",
        "@aws-cdk/aws-secretsmanager": "1.204.0",
        "@aws-cdk/core": "1.204.0",
        "constructs": "^3.3.69"
      },
      "devDependencies": {
        "@aws-cdk/assertions": "1.204.0",
        "@aws-cdk/aws-stepfunctions": "1.204.0",
        "@aws-cdk/cdk-build-tools": "1.204.0",
        "@aws-cdk/cfn2ts": "1.204.0",
        "@aws-cdk/integ-runner": "1.204.0",
        "@aws-cdk/pkglint": "1.204.0",
        "@types/jest": "^27.5.2",
        "jest": "^27.5.1"
      },
      "engines": {
        "node": ">= 14.15.0"
      },
      "peerDependencies": {
        "@aws-cdk/aws-certificatemanager": "1.204.0",
        "@aws-cdk/aws-cognito": "1.204.0",
        "@aws-cdk/aws-dynamodb": "1.204.0",
        "@aws-cdk/aws-ec2": "1.204.0",
        "@aws-cdk/aws-elasticsearch": "1.204.0",
        "@aws-cdk/aws-iam": "1.204.0",
        "@aws-cdk/aws-lambda": "1.204.0",
        "@aws-cdk/aws-opensearchservice": "1.204.0",
        "@aws-cdk/aws-rds": "1.204.0",
        "@aws-cdk/aws-s3-assets": "1.204.0",
        "@aws-cdk/aws-secretsmanager": "1.204.0",
        "@aws-cdk/core": "1.204.0",
        "constructs": "^3.3.69"
      }
    },
    "../../node_modules/.pnpm/@aws-cdk+aws-cognito@1.204._4b98e992211a6c79f204eb0257dce7f2/node_modules/@aws-cdk/aws-cognito": {
      "version": "1.204.0",
      "bundleDependencies": [
        "punycode"
      ],
      "deprecated": "AWS CDK v1 has reached End-of-Support on 2023-06-01.\nThis package is no longer being updated, and users should migrate to AWS CDK v2.\n\nFor more information on how to migrate, see https://docs.aws.amazon.com/cdk/v2/guide/migrating-v2.html",
      "dev": true,
      "license": "Apache-2.0",
      "dependencies": {
        "@aws-cdk/aws-certificatemanager": "1.204.0",
        "@aws-cdk/aws-iam": "1.204.0",
        "@aws-cdk/aws-kms": "1.204.0",
        "@aws-cdk/aws-lambda": "1.204.0",
        "@aws-cdk/core": "1.204.0",
        "@aws-cdk/custom-resources": "1.204.0",
        "constructs": "^3.3.69",
        "punycode": "^2.3.0"
      },
      "devDependencies": {
        "@aws-cdk/assertions": "1.204.0",
        "@aws-cdk/cdk-build-tools": "1.204.0",
        "@aws-cdk/cfn2ts": "1.204.0",
        "@aws-cdk/integ-runner": "1.204.0",
        "@aws-cdk/pkglint": "1.204.0",
        "@types/jest": "^27.5.2",
        "@types/punycode": "^2.1.0",
        "jest": "^27.5.1"
      },
      "engines": {
        "node": ">= 14.15.0"
      },
      "peerDependencies": {
        "@aws-cdk/aws-certificatemanager": "1.204.0",
        "@aws-cdk/aws-iam": "1.204.0",
        "@aws-cdk/aws-kms": "1.204.0",
        "@aws-cdk/aws-lambda": "1.204.0",
        "@aws-cdk/core": "1.204.0",
        "@aws-cdk/custom-resources": "1.204.0",
        "constructs": "^3.3.69"
      }
    },
    "../../node_modules/.pnpm/@aws-cdk+aws-cognito@1.204._4b98e992211a6c79f204eb0257dce7f2/node_modules/@aws-cdk/aws-cognito/node_modules/punycode": {
      "version": "2.3.0",
      "dev": true,
      "inBundle": true,
      "license": "MIT",
      "engines": {
        "node": ">=6"
      }
    },
    "../../node_modules/.pnpm/@aws-cdk+aws-lambda@1.204.0_a4f3ea6871c61f622ab7000f0b57a5f9/node_modules/@aws-cdk/aws-lambda": {
      "version": "1.204.0",
      "deprecated": "AWS CDK v1 has reached End-of-Support on 2023-06-01.\nThis package is no longer being updated, and users should migrate to AWS CDK v2.\n\nFor more information on how to migrate, see https://docs.aws.amazon.com/cdk/v2/guide/migrating-v2.html",
      "dev": true,
      "license": "Apache-2.0",
      "dependencies": {
        "@aws-cdk/aws-applicationautoscaling": "1.204.0",
        "@aws-cdk/aws-cloudwatch": "1.204.0",
        "@aws-cdk/aws-codeguruprofiler": "1.204.0",
        "@aws-cdk/aws-ec2": "1.204.0",
        "@aws-cdk/aws-ecr": "1.204.0",
        "@aws-cdk/aws-ecr-assets": "1.204.0",
        "@aws-cdk/aws-efs": "1.204.0",
        "@aws-cdk/aws-events": "1.204.0",
        "@aws-cdk/aws-iam": "1.204.0",
        "@aws-cdk/aws-kms": "1.204.0",
        "@aws-cdk/aws-logs": "1.204.0",
        "@aws-cdk/aws-s3": "1.204.0",
        "@aws-cdk/aws-s3-assets": "1.204.0",
        "@aws-cdk/aws-signer": "1.204.0",
        "@aws-cdk/aws-sns": "1.204.0",
        "@aws-cdk/aws-sqs": "1.204.0",
        "@aws-cdk/core": "1.204.0",
        "@aws-cdk/cx-api": "1.204.0",
        "@aws-cdk/region-info": "1.204.0",
        "constructs": "^3.3.69"
      },
      "devDependencies": {
        "@aws-cdk/assertions": "1.204.0",
        "@aws-cdk/cdk-build-tools": "1.204.0",
        "@aws-cdk/cfn2ts": "1.204.0",
        "@aws-cdk/cfnspec": "1.204.0",
        "@aws-cdk/integ-runner": "1.204.0",
        "@aws-cdk/integ-tests": "1.204.0",
        "@aws-cdk/pkglint": "1.204.0",
        "@types/aws-lambda": "^8.10.110",
        "@types/jest": "^27.5.2",
        "@types/lodash": "^4.14.191",
        "jest": "^27.5.1",
        "lodash": "^4.17.21"
      },
      "engines": {
        "node": ">= 14.15.0"
      },
      "peerDependencies": {
        "@aws-cdk/aws-applicationautoscaling": "1.204.0",
        "@aws-cdk/aws-cloudwatch": "1.204.0",
        "@aws-cdk/aws-codeguruprofiler": "1.204.0",
        "@aws-cdk/aws-ec2": "1.204.0",
        "@aws-cdk/aws-ecr": "1.204.0",
        "@aws-cdk/aws-ecr-assets": "1.204.0",
        "@aws-cdk/aws-efs": "1.204.0",
        "@aws-cdk/aws-events": "1.204.0",
        "@aws-cdk/aws-iam": "1.204.0",
        "@aws-cdk/aws-kms": "1.204.0",
        "@aws-cdk/aws-logs": "1.204.0",
        "@aws-cdk/aws-s3": "1.204.0",
        "@aws-cdk/aws-s3-assets": "1.204.0",
        "@aws-cdk/aws-signer": "1.204.0",
        "@aws-cdk/aws-sns": "1.204.0",
        "@aws-cdk/aws-sqs": "1.204.0",
        "@aws-cdk/core": "1.204.0",
        "@aws-cdk/cx-api": "1.204.0",
        "@aws-cdk/region-info": "1.204.0",
        "constructs": "^3.3.69"
      }
    },
    "node_modules/@aws-cdk/aws-appsync": {
      "resolved": "../../node_modules/.pnpm/@aws-cdk+aws-appsync@1.204._87432252ae5e2aa36a4cfc29a95f4ef6/node_modules/@aws-cdk/aws-appsync",
      "link": true
    },
    "node_modules/@aws-cdk/aws-cognito": {
      "resolved": "../../node_modules/.pnpm/@aws-cdk+aws-cognito@1.204._4b98e992211a6c79f204eb0257dce7f2/node_modules/@aws-cdk/aws-cognito",
      "link": true
    },
    "node_modules/@aws-cdk/aws-lambda": {
      "resolved": "../../node_modules/.pnpm/@aws-cdk+aws-lambda@1.204.0_a4f3ea6871c61f622ab7000f0b57a5f9/node_modules/@aws-cdk/aws-lambda",
      "link": true
    },
    "node_modules/@types/node": {
      "version": "24.2.1",
      "resolved": "https://registry.npmjs.org/@types/node/-/node-24.2.1.tgz",
      "integrity": "sha512-DRh5K+ka5eJic8CjH7td8QpYEV6Zo10gfRkjHCO3weqZHWDtAaSTFtl4+VMqOJ4N5jcuhZ9/l+yy8rVgw7BQeQ==",
      "dev": true,
      "license": "MIT",
      "dependencies": {
        "undici-types": "~7.10.0"
      }
    },
    "node_modules/undici-types": {
      "version": "7.10.0",
      "resolved": "https://registry.npmjs.org/undici-types/-/undici-types-7.10.0.tgz",
      "integrity": "sha512-t5Fy/nfn+14LuOc2KNYg75vZqClpAiqscVvMygNnlsHBFpSXdJaYtXMcdNLpl/Qvc3P2cB3s6lOV51nqsFq4ag==",
      "dev": true,
      "license": "MIT"
    }
  }
}
